
Microsoft Visual Studio Solution File, Format Version 12.00
# Visual Studio Version 16
VisualStudioVersion = 16.0.32630.194
MinimumVisualStudioVersion = 10.0.40219.1
Project("{9A19103F-16F7-4668-BE54-9A1E7A4F7556}") = "VectorPainerPro", "VectorPainerPro\VectorPainerPro.csproj", "{CF0AE645-3C3C-431F-A1A3-1A26F7471C61}"
EndProject
Project("{9A19103F-16F7-4668-BE54-9A1E7A4F7556}") = "VectorModderPack", "VectorModderPack\VectorModderPack.csproj", "{7485B955-9460-42DD-889D-44F53BFF6D99}"
EndProject
Project("{FAE04EC0-301F-11D3-BF4B-00C04F79EFBC}") = "Mods", "Mods\Mods.csproj", "{3B372904-151F-4FB7-A634-A3E8998956BF}"
EndProject
Global
	GlobalSection(SolutionConfigurationPlatforms) = preSolution
		Debug|Any CPU = Debug|Any CPU
		Release|Any CPU = Release|Any CPU
	EndGlobalSection
	GlobalSection(ProjectConfigurationPlatforms) = postSolution
		{CF0AE645-3C3C-431F-A1A3-1A26F7471C61}.Debug|Any CPU.ActiveCfg = Debug|Any CPU
		{CF0AE645-3C3C-431F-A1A3-1A26F7471C61}.Debug|Any CPU.Build.0 = Debug|Any CPU
		{CF0AE645-3C3C-431F-A1A3-1A26F7471C61}.Release|Any CPU.ActiveCfg = Release|Any CPU
		{CF0AE645-3C3C-431F-A1A3-1A26F7471C61}.Release|Any CPU.Build.0 = Release|Any CPU
		{7485B955-9460-42DD-889D-44F53BFF6D99}.Debug|Any CPU.ActiveCfg = Debug|Any CPU
		{7485B955-9460-42DD-889D-44F53BFF6D99}.Debug|Any CPU.Build.0 = Debug|Any CPU
		{7485B955-9460-42DD-889D-44F53BFF6D99}.Release|Any CPU.ActiveCfg = Release|Any CPU
		{7485B955-9460-42DD-889D-44F53BFF6D99}.Release|Any CPU.Build.0 = Release|Any CPU
		{3B372904-151F-4FB7-A634-A3E8998956BF}.Debug|Any CPU.ActiveCfg = Debug|Any CPU
		{3B372904-151F-4FB7-A634-A3E8998956BF}.Debug|Any CPU.Build.0 = Debug|Any CPU
		{3B372904-151F-4FB7-A634-A3E8998956BF}.Release|Any CPU.ActiveCfg = Release|Any CPU
		{3B372904-151F-4FB7-A634-A3E8998956BF}.Release|Any CPU.Build.0 = Release|Any CPU
	EndGlobalSection
	GlobalSection(SolutionProperties) = preSolution
		HideSolutionNode = FALSE
	EndGlobalSection
	GlobalSection(ExtensibilityGlobals) = postSolution
		SolutionGuid = {4EE08698-6E94-452B-A4A8-254CADC82C96}
	EndGlobalSection
EndGlobal
